
Microsoft Visual Studio Solution File, Format Version 12.00
# Visual Studio Version 16
VisualStudioVersion = 16.0.32106.194
MinimumVisualStudioVersion = 10.0.40219.1
Project("{FAE04EC0-301F-11D3-BF4B-00C04F79EFBC}") = "PRN221_Project_ShopOnline", "PRN221_Project_ShopOnline\PRN221_Project_ShopOnline.csproj", "{0EE68AF8-2232-4F76-B3FA-2F82B501E28A}"
EndProject
Global
	GlobalSection(SolutionConfigurationPlatforms) = preSolution
		Debug|Any CPU = Debug|Any CPU
		Release|Any CPU = Release|Any CPU
	EndGlobalSection
	GlobalSection(ProjectConfigurationPlatforms) = postSolution
		{0EE68AF8-2232-4F76-B3FA-2F82B501E28A}.Debug|Any CPU.ActiveCfg = Debug|Any CPU
		{0EE68AF8-2232-4F76-B3FA-2F82B501E28A}.Debug|Any CPU.Build.0 = Debug|Any CPU
		{0EE68AF8-2232-4F76-B3FA-2F82B501E28A}.Release|Any CPU.ActiveCfg = Release|Any CPU
		{0EE68AF8-2232-4F76-B3FA-2F82B501E28A}.Release|Any CPU.Build.0 = Release|Any CPU
	EndGlobalSection
	GlobalSection(SolutionProperties) = preSolution
		HideSolutionNode = FALSE
	EndGlobalSection
	GlobalSection(ExtensibilityGlobals) = postSolution
		SolutionGuid = {36F23DCD-1771-4B11-A763-877A1D89229A}
	EndGlobalSection
EndGlobal
